
Microsoft Visual Studio Solution File, Format Version 12.00
# Visual Studio 2012
Project("{FAE04EC0-301F-11D3-BF4B-00C04F79EFBC}") = "LocalNotificationsDemo", "LocalNotificationsDemo\LocalNotificationsDemo.csproj", "{9C5E86CD-D81D-4201-A58B-D812587BA070}"
EndProject
Project("{FAE04EC0-301F-11D3-BF4B-00C04F79EFBC}") = "LocalNotificationsDemo.UITests", "LocalNotificationsDemo.UITests\LocalNotificationsDemo.UITests.csproj", "{BEB8C75A-C004-4A9B-A64E-05A8CD6B0A3B}"
EndProject
Global
	GlobalSection(SolutionConfigurationPlatforms) = preSolution
		Debug|Any CPU = Debug|Any CPU
		Release|Any CPU = Release|Any CPU
	EndGlobalSection
	GlobalSection(ProjectConfigurationPlatforms) = postSolution
		{9C5E86CD-D81D-4201-A58B-D812587BA070}.Debug|Any CPU.ActiveCfg = Debug|Any CPU
		{9C5E86CD-D81D-4201-A58B-D812587BA070}.Debug|Any CPU.Build.0 = Debug|Any CPU
		{9C5E86CD-D81D-4201-A58B-D812587BA070}.Release|Any CPU.ActiveCfg = Release|Any CPU
		{9C5E86CD-D81D-4201-A58B-D812587BA070}.Release|Any CPU.Build.0 = Release|Any CPU
		{BEB8C75A-C004-4A9B-A64E-05A8CD6B0A3B}.Debug|Any CPU.ActiveCfg = Debug|Any CPU
		{BEB8C75A-C004-4A9B-A64E-05A8CD6B0A3B}.Debug|Any CPU.Build.0 = Debug|Any CPU
		{BEB8C75A-C004-4A9B-A64E-05A8CD6B0A3B}.Release|Any CPU.ActiveCfg = Release|Any CPU
		{BEB8C75A-C004-4A9B-A64E-05A8CD6B0A3B}.Release|Any CPU.Build.0 = Release|Any CPU
	EndGlobalSection
EndGlobal
